
Microsoft Visual Studio Solution File, Format Version 12.00
# Visual Studio Version 16
VisualStudioVersion = 16.0.29215.179
MinimumVisualStudioVersion = 10.0.40219.1
Project("{FAE04EC0-301F-11D3-BF4B-00C04F79EFBC}") = "RCode", "RCode.csproj", "{4AF67770-3F96-4452-9C30-C5A4DF2C95E8}"
EndProject
Global
	GlobalSection(SolutionConfigurationPlatforms) = preSolution
		Debug|Any CPU = Debug|Any CPU
		Release|Any CPU = Release|Any CPU
	EndGlobalSection
	GlobalSection(ProjectConfigurationPlatforms) = postSolution
		{4AF67770-3F96-4452-9C30-C5A4DF2C95E8}.Debug|Any CPU.ActiveCfg = Debug|Any CPU
		{4AF67770-3F96-4452-9C30-C5A4DF2C95E8}.Debug|Any CPU.Build.0 = Debug|Any CPU
		{4AF67770-3F96-4452-9C30-C5A4DF2C95E8}.Release|Any CPU.ActiveCfg = Release|Any CPU
		{4AF67770-3F96-4452-9C30-C5A4DF2C95E8}.Release|Any CPU.Build.0 = Release|Any CPU
	EndGlobalSection
	GlobalSection(SolutionProperties) = preSolution
		HideSolutionNode = FALSE
	EndGlobalSection
	GlobalSection(ExtensibilityGlobals) = postSolution
		SolutionGuid = {69E3B760-CDF2-4F28-817A-A52D8836A895}
	EndGlobalSection
EndGlobal
